
Microsoft Visual Studio Solution File, Format Version 12.00
# Visual Studio Version 17
VisualStudioVersion = 17.7.34202.233
MinimumVisualStudioVersion = 10.0.40219.1
Project("{FAE04EC0-301F-11D3-BF4B-00C04F79EFBC}") = "EstruturaRepetitivaEnquanto", "EstruturaRepetitivaEnquanto\EstruturaRepetitivaEnquanto.csproj", "{82164334-97E4-456B-91A0-E3FAB4F75922}"
EndProject
Global
	GlobalSection(SolutionConfigurationPlatforms) = preSolution
		Debug|Any CPU = Debug|Any CPU
		Release|Any CPU = Release|Any CPU
	EndGlobalSection
	GlobalSection(ProjectConfigurationPlatforms) = postSolution
		{82164334-97E4-456B-91A0-E3FAB4F75922}.Debug|Any CPU.ActiveCfg = Debug|Any CPU
		{82164334-97E4-456B-91A0-E3FAB4F75922}.Debug|Any CPU.Build.0 = Debug|Any CPU
		{82164334-97E4-456B-91A0-E3FAB4F75922}.Release|Any CPU.ActiveCfg = Release|Any CPU
		{82164334-97E4-456B-91A0-E3FAB4F75922}.Release|Any CPU.Build.0 = Release|Any CPU
	EndGlobalSection
	GlobalSection(SolutionProperties) = preSolution
		HideSolutionNode = FALSE
	EndGlobalSection
	GlobalSection(ExtensibilityGlobals) = postSolution
		SolutionGuid = {A2B1D4C2-FBBC-433F-BC22-666CBE59F5F1}
	EndGlobalSection
EndGlobal
