
Microsoft Visual Studio Solution File, Format Version 12.00
# Visual Studio Version 17
VisualStudioVersion = 17.7.34202.233
MinimumVisualStudioVersion = 10.0.40219.1
Project("{FAE04EC0-301F-11D3-BF4B-00C04F79EFBC}") = "SitaxeSwitchCaseAplicada", "SitaxeSwitchCaseAplicada\SitaxeSwitchCaseAplicada.csproj", "{1066DBD7-6135-4C88-B70D-D17814EF37D3}"
EndProject
Global
	GlobalSection(SolutionConfigurationPlatforms) = preSolution
		Debug|Any CPU = Debug|Any CPU
		Release|Any CPU = Release|Any CPU
	EndGlobalSection
	GlobalSection(ProjectConfigurationPlatforms) = postSolution
		{1066DBD7-6135-4C88-B70D-D17814EF37D3}.Debug|Any CPU.ActiveCfg = Debug|Any CPU
		{1066DBD7-6135-4C88-B70D-D17814EF37D3}.Debug|Any CPU.Build.0 = Debug|Any CPU
		{1066DBD7-6135-4C88-B70D-D17814EF37D3}.Release|Any CPU.ActiveCfg = Release|Any CPU
		{1066DBD7-6135-4C88-B70D-D17814EF37D3}.Release|Any CPU.Build.0 = Release|Any CPU
	EndGlobalSection
	GlobalSection(SolutionProperties) = preSolution
		HideSolutionNode = FALSE
	EndGlobalSection
	GlobalSection(ExtensibilityGlobals) = postSolution
		SolutionGuid = {98C2245F-8C35-45B9-99A9-3C18671EA220}
	EndGlobalSection
EndGlobal
