
Microsoft Visual Studio Solution File, Format Version 12.00
# Visual Studio Version 17
VisualStudioVersion = 17.7.34202.233
MinimumVisualStudioVersion = 10.0.40219.1
Project("{FAE04EC0-301F-11D3-BF4B-00C04F79EFBC}") = "AulaProcessamentoDeDados", "AulaProcessamentoDeDados\AulaProcessamentoDeDados.csproj", "{73287E4B-AAC3-46FA-820E-8A7209A64F4F}"
EndProject
Global
	GlobalSection(SolutionConfigurationPlatforms) = preSolution
		Debug|Any CPU = Debug|Any CPU
		Release|Any CPU = Release|Any CPU
	EndGlobalSection
	GlobalSection(ProjectConfigurationPlatforms) = postSolution
		{73287E4B-AAC3-46FA-820E-8A7209A64F4F}.Debug|Any CPU.ActiveCfg = Debug|Any CPU
		{73287E4B-AAC3-46FA-820E-8A7209A64F4F}.Debug|Any CPU.Build.0 = Debug|Any CPU
		{73287E4B-AAC3-46FA-820E-8A7209A64F4F}.Release|Any CPU.ActiveCfg = Release|Any CPU
		{73287E4B-AAC3-46FA-820E-8A7209A64F4F}.Release|Any CPU.Build.0 = Release|Any CPU
	EndGlobalSection
	GlobalSection(SolutionProperties) = preSolution
		HideSolutionNode = FALSE
	EndGlobalSection
	GlobalSection(ExtensibilityGlobals) = postSolution
		SolutionGuid = {530EAF09-F915-410C-9EB4-3FAAD1E7670D}
	EndGlobalSection
EndGlobal
