
Microsoft Visual Studio Solution File, Format Version 12.00
# Visual Studio Version 17
VisualStudioVersion = 17.7.34202.233
MinimumVisualStudioVersion = 10.0.40219.1
Project("{FAE04EC0-301F-11D3-BF4B-00C04F79EFBC}") = "CalculandoIdadeMedia", "CalculandoIdadeMedia\CalculandoIdadeMedia.csproj", "{B3E53AC2-9E8E-478D-87B3-021CE3375CE7}"
EndProject
Global
	GlobalSection(SolutionConfigurationPlatforms) = preSolution
		Debug|Any CPU = Debug|Any CPU
		Release|Any CPU = Release|Any CPU
	EndGlobalSection
	GlobalSection(ProjectConfigurationPlatforms) = postSolution
		{B3E53AC2-9E8E-478D-87B3-021CE3375CE7}.Debug|Any CPU.ActiveCfg = Debug|Any CPU
		{B3E53AC2-9E8E-478D-87B3-021CE3375CE7}.Debug|Any CPU.Build.0 = Debug|Any CPU
		{B3E53AC2-9E8E-478D-87B3-021CE3375CE7}.Release|Any CPU.ActiveCfg = Release|Any CPU
		{B3E53AC2-9E8E-478D-87B3-021CE3375CE7}.Release|Any CPU.Build.0 = Release|Any CPU
	EndGlobalSection
	GlobalSection(SolutionProperties) = preSolution
		HideSolutionNode = FALSE
	EndGlobalSection
	GlobalSection(ExtensibilityGlobals) = postSolution
		SolutionGuid = {4200EAB7-4DAB-43A0-B42B-D65B9B48B053}
	EndGlobalSection
EndGlobal
