
Microsoft Visual Studio Solution File, Format Version 12.00
# Visual Studio Version 17
VisualStudioVersion = 17.7.34202.233
MinimumVisualStudioVersion = 10.0.40219.1
Project("{FAE04EC0-301F-11D3-BF4B-00C04F79EFBC}") = "EntradaDeDados2", "EntradaDeDados2\EntradaDeDados2.csproj", "{0A2B00FF-6B55-444D-85DB-0E3F8E0712A7}"
EndProject
Global
	GlobalSection(SolutionConfigurationPlatforms) = preSolution
		Debug|Any CPU = Debug|Any CPU
		Release|Any CPU = Release|Any CPU
	EndGlobalSection
	GlobalSection(ProjectConfigurationPlatforms) = postSolution
		{0A2B00FF-6B55-444D-85DB-0E3F8E0712A7}.Debug|Any CPU.ActiveCfg = Debug|Any CPU
		{0A2B00FF-6B55-444D-85DB-0E3F8E0712A7}.Debug|Any CPU.Build.0 = Debug|Any CPU
		{0A2B00FF-6B55-444D-85DB-0E3F8E0712A7}.Release|Any CPU.ActiveCfg = Release|Any CPU
		{0A2B00FF-6B55-444D-85DB-0E3F8E0712A7}.Release|Any CPU.Build.0 = Release|Any CPU
	EndGlobalSection
	GlobalSection(SolutionProperties) = preSolution
		HideSolutionNode = FALSE
	EndGlobalSection
	GlobalSection(ExtensibilityGlobals) = postSolution
		SolutionGuid = {6722E295-8AC1-4884-B054-E0AD77E3BDE6}
	EndGlobalSection
EndGlobal
