
Microsoft Visual Studio Solution File, Format Version 12.00
# Visual Studio Version 17
VisualStudioVersion = 17.7.34202.233
MinimumVisualStudioVersion = 10.0.40219.1
Project("{FAE04EC0-301F-11D3-BF4B-00C04F79EFBC}") = "SomaDeImpares", "SomaDeImpares\SomaDeImpares.csproj", "{B95AAC4A-90A7-4C08-9192-B7F423215826}"
EndProject
Global
	GlobalSection(SolutionConfigurationPlatforms) = preSolution
		Debug|Any CPU = Debug|Any CPU
		Release|Any CPU = Release|Any CPU
	EndGlobalSection
	GlobalSection(ProjectConfigurationPlatforms) = postSolution
		{B95AAC4A-90A7-4C08-9192-B7F423215826}.Debug|Any CPU.ActiveCfg = Debug|Any CPU
		{B95AAC4A-90A7-4C08-9192-B7F423215826}.Debug|Any CPU.Build.0 = Debug|Any CPU
		{B95AAC4A-90A7-4C08-9192-B7F423215826}.Release|Any CPU.ActiveCfg = Release|Any CPU
		{B95AAC4A-90A7-4C08-9192-B7F423215826}.Release|Any CPU.Build.0 = Release|Any CPU
	EndGlobalSection
	GlobalSection(SolutionProperties) = preSolution
		HideSolutionNode = FALSE
	EndGlobalSection
	GlobalSection(ExtensibilityGlobals) = postSolution
		SolutionGuid = {8E78970A-3CF5-4B69-9852-90175C432277}
	EndGlobalSection
EndGlobal
