
Microsoft Visual Studio Solution File, Format Version 12.00
# Visual Studio Version 17
VisualStudioVersion = 17.7.34202.233
MinimumVisualStudioVersion = 10.0.40219.1
Project("{FAE04EC0-301F-11D3-BF4B-00C04F79EFBC}") = "FormulaDeBhaskara", "FormulaDeBhaskara\FormulaDeBhaskara.csproj", "{C521AC17-EDA8-4BE5-8B71-72E7AA6494B7}"
EndProject
Global
	GlobalSection(SolutionConfigurationPlatforms) = preSolution
		Debug|Any CPU = Debug|Any CPU
		Release|Any CPU = Release|Any CPU
	EndGlobalSection
	GlobalSection(ProjectConfigurationPlatforms) = postSolution
		{C521AC17-EDA8-4BE5-8B71-72E7AA6494B7}.Debug|Any CPU.ActiveCfg = Debug|Any CPU
		{C521AC17-EDA8-4BE5-8B71-72E7AA6494B7}.Debug|Any CPU.Build.0 = Debug|Any CPU
		{C521AC17-EDA8-4BE5-8B71-72E7AA6494B7}.Release|Any CPU.ActiveCfg = Release|Any CPU
		{C521AC17-EDA8-4BE5-8B71-72E7AA6494B7}.Release|Any CPU.Build.0 = Release|Any CPU
	EndGlobalSection
	GlobalSection(SolutionProperties) = preSolution
		HideSolutionNode = FALSE
	EndGlobalSection
	GlobalSection(ExtensibilityGlobals) = postSolution
		SolutionGuid = {0866288E-382B-4519-9189-6A23C988048A}
	EndGlobalSection
EndGlobal
