
Microsoft Visual Studio Solution File, Format Version 12.00
# Visual Studio Version 17
VisualStudioVersion = 17.7.34202.233
MinimumVisualStudioVersion = 10.0.40219.1
Project("{FAE04EC0-301F-11D3-BF4B-00C04F79EFBC}") = "ExercicioMatrizes3", "ExercicioMatrizes3\ExercicioMatrizes3.csproj", "{83873C25-0FFB-4426-943A-6401D19EA8EE}"
EndProject
Global
	GlobalSection(SolutionConfigurationPlatforms) = preSolution
		Debug|Any CPU = Debug|Any CPU
		Release|Any CPU = Release|Any CPU
	EndGlobalSection
	GlobalSection(ProjectConfigurationPlatforms) = postSolution
		{83873C25-0FFB-4426-943A-6401D19EA8EE}.Debug|Any CPU.ActiveCfg = Debug|Any CPU
		{83873C25-0FFB-4426-943A-6401D19EA8EE}.Debug|Any CPU.Build.0 = Debug|Any CPU
		{83873C25-0FFB-4426-943A-6401D19EA8EE}.Release|Any CPU.ActiveCfg = Release|Any CPU
		{83873C25-0FFB-4426-943A-6401D19EA8EE}.Release|Any CPU.Build.0 = Release|Any CPU
	EndGlobalSection
	GlobalSection(SolutionProperties) = preSolution
		HideSolutionNode = FALSE
	EndGlobalSection
	GlobalSection(ExtensibilityGlobals) = postSolution
		SolutionGuid = {677CB610-8413-4CE1-99E9-9099B1A40937}
	EndGlobalSection
EndGlobal
